
Microsoft Visual Studio Solution File, Format Version 12.00
# Visual Studio Version 16
VisualStudioVersion = 16.0.810.4
MinimumVisualStudioVersion = 10.0.40219.1
Project("{FAE04EC0-301F-11D3-BF4B-00C04F79EFBC}") = "MapsIndoorsPocAndroid", "MapsIndoorsPocAndroid\MapsIndoorsPocAndroid.csproj", "{B4280A94-B219-4FE8-A251-54A9B0C9E5E4}"
EndProject
Global
	GlobalSection(SolutionConfigurationPlatforms) = preSolution
		Debug|Any CPU = Debug|Any CPU
		Release|Any CPU = Release|Any CPU
	EndGlobalSection
	GlobalSection(ProjectConfigurationPlatforms) = postSolution
		{B4280A94-B219-4FE8-A251-54A9B0C9E5E4}.Debug|Any CPU.ActiveCfg = Debug|Any CPU
		{B4280A94-B219-4FE8-A251-54A9B0C9E5E4}.Debug|Any CPU.Build.0 = Debug|Any CPU
		{B4280A94-B219-4FE8-A251-54A9B0C9E5E4}.Release|Any CPU.ActiveCfg = Release|Any CPU
		{B4280A94-B219-4FE8-A251-54A9B0C9E5E4}.Release|Any CPU.Build.0 = Release|Any CPU
	EndGlobalSection
	GlobalSection(SolutionProperties) = preSolution
		HideSolutionNode = FALSE
	EndGlobalSection
	GlobalSection(ExtensibilityGlobals) = postSolution
		SolutionGuid = {F37FC606-5A53-4CB7-98DF-41AC060ABBC7}
	EndGlobalSection
EndGlobal
